# This file is automatically @generated by Cargo.
# It is not intended for manual editing.
version = 3

[[package]]
name = "cargo-snippet"
version = "0.4.1"
source = "registry+https://github.com/rust-lang/crates.io-index"
checksum = "c15fa34efbe0c9078d39948d5591ab6bbf7440318c4c0d082575bc77a93b80e9"

[[package]]
name = "rust-procon-snippet"
version = "0.1.0"
dependencies = [
 "cargo-snippet",
]
